# This file is automatically @generated by Cargo.
# It is not intended for manual editing.
version = 4

[[package]]
name = "openbrain-core"
version = "0.1.0"

[[package]]
name = "openbrain-embed"
version = "0.1.0"

[[package]]
name = "openbrain-server"
version = "0.1.0"
dependencies = [
 "openbrain-core",
]

[[package]]
name = "openbrain-store"
version = "0.1.0"

[[package]]
name = "openbrain-tests"
version = "0.1.0"
dependencies = [
 "openbrain-core",
]
